
Microsoft Visual Studio Solution File, Format Version 12.00
# Visual Studio 2013
VisualStudioVersion = 12.0.21005.1
MinimumVisualStudioVersion = 10.0.40219.1
Project("{FAE04EC0-301F-11D3-BF4B-00C04F79EFBC}") = "105. ORN. Kriptoloji Uyg", "105. ORN. Kriptoloji Uyg\105. ORN. Kriptoloji Uyg.csproj", "{537F7F60-0A44-40FD-BF69-EC1BE4715491}"
EndProject
Global
	GlobalSection(SolutionConfigurationPlatforms) = preSolution
		Debug|Any CPU = Debug|Any CPU
		Release|Any CPU = Release|Any CPU
	EndGlobalSection
	GlobalSection(ProjectConfigurationPlatforms) = postSolution
		{537F7F60-0A44-40FD-BF69-EC1BE4715491}.Debug|Any CPU.ActiveCfg = Debug|Any CPU
		{537F7F60-0A44-40FD-BF69-EC1BE4715491}.Debug|Any CPU.Build.0 = Debug|Any CPU
		{537F7F60-0A44-40FD-BF69-EC1BE4715491}.Release|Any CPU.ActiveCfg = Release|Any CPU
		{537F7F60-0A44-40FD-BF69-EC1BE4715491}.Release|Any CPU.Build.0 = Release|Any CPU
	EndGlobalSection
	GlobalSection(SolutionProperties) = preSolution
		HideSolutionNode = FALSE
	EndGlobalSection
EndGlobal
